
Microsoft Visual Studio Solution File, Format Version 12.00
# Visual Studio 14
VisualStudioVersion = 14.0.25420.1
MinimumVisualStudioVersion = 10.0.40219.1
Project("{FAE04EC0-301F-11D3-BF4B-00C04F79EFBC}") = "Medisch dossier programma", "Medisch dossier programma\Medisch dossier programma.csproj", "{89C149A6-75E2-4523-943F-AD639CA016AD}"
EndProject
Global
	GlobalSection(SolutionConfigurationPlatforms) = preSolution
		Debug|Any CPU = Debug|Any CPU
		Release|Any CPU = Release|Any CPU
	EndGlobalSection
	GlobalSection(ProjectConfigurationPlatforms) = postSolution
		{89C149A6-75E2-4523-943F-AD639CA016AD}.Debug|Any CPU.ActiveCfg = Debug|Any CPU
		{89C149A6-75E2-4523-943F-AD639CA016AD}.Debug|Any CPU.Build.0 = Debug|Any CPU
		{89C149A6-75E2-4523-943F-AD639CA016AD}.Release|Any CPU.ActiveCfg = Release|Any CPU
		{89C149A6-75E2-4523-943F-AD639CA016AD}.Release|Any CPU.Build.0 = Release|Any CPU
	EndGlobalSection
	GlobalSection(SolutionProperties) = preSolution
		HideSolutionNode = FALSE
	EndGlobalSection
EndGlobal
